
Microsoft Visual Studio Solution File, Format Version 12.00
# Visual Studio Version 17
VisualStudioVersion = 17.2.32616.157
MinimumVisualStudioVersion = 10.0.40219.1
Project("{9A19103F-16F7-4668-BE54-9A1E7A4F7556}") = "PLATFORMSERVICE", "PLATFORMSERVICE.csproj", "{4E0C8FD6-5E89-4D31-B97A-622B3DE48C1E}"
EndProject
Project("{2150E333-8FDC-42A3-9474-1A3956D46DE8}") = "Solution Items", "Solution Items", "{30EA8D78-D906-443D-B6F2-C1ADA8E11C19}"
	ProjectSection(SolutionItems) = preProject
		..\K8S\commands-depl.yaml = ..\K8S\commands-depl.yaml
		..\Dockerfile = ..\Dockerfile
		..\K8S\ingress-srv.yaml = ..\K8S\ingress-srv.yaml
		..\K8S\local-pvc.yaml = ..\K8S\local-pvc.yaml
		..\K8S\mssql-plat-depl.yaml = ..\K8S\mssql-plat-depl.yaml
		..\K8S\platforms-depl.yaml = ..\K8S\platforms-depl.yaml
		..\K8S\platforms-np-srv.yaml = ..\K8S\platforms-np-srv.yaml
	EndProjectSection
EndProject
Project("{9A19103F-16F7-4668-BE54-9A1E7A4F7556}") = "CommandsService", "..\CommandsService\CommandsService.csproj", "{C0DAFE53-F5D9-48D5-A23C-DC91D1D20EFF}"
EndProject
Global
	GlobalSection(SolutionConfigurationPlatforms) = preSolution
		Debug|Any CPU = Debug|Any CPU
		Release|Any CPU = Release|Any CPU
	EndGlobalSection
	GlobalSection(ProjectConfigurationPlatforms) = postSolution
		{4E0C8FD6-5E89-4D31-B97A-622B3DE48C1E}.Debug|Any CPU.ActiveCfg = Debug|Any CPU
		{4E0C8FD6-5E89-4D31-B97A-622B3DE48C1E}.Debug|Any CPU.Build.0 = Debug|Any CPU
		{4E0C8FD6-5E89-4D31-B97A-622B3DE48C1E}.Release|Any CPU.ActiveCfg = Release|Any CPU
		{4E0C8FD6-5E89-4D31-B97A-622B3DE48C1E}.Release|Any CPU.Build.0 = Release|Any CPU
		{C0DAFE53-F5D9-48D5-A23C-DC91D1D20EFF}.Debug|Any CPU.ActiveCfg = Debug|Any CPU
		{C0DAFE53-F5D9-48D5-A23C-DC91D1D20EFF}.Debug|Any CPU.Build.0 = Debug|Any CPU
		{C0DAFE53-F5D9-48D5-A23C-DC91D1D20EFF}.Release|Any CPU.ActiveCfg = Release|Any CPU
		{C0DAFE53-F5D9-48D5-A23C-DC91D1D20EFF}.Release|Any CPU.Build.0 = Release|Any CPU
	EndGlobalSection
	GlobalSection(SolutionProperties) = preSolution
		HideSolutionNode = FALSE
	EndGlobalSection
	GlobalSection(ExtensibilityGlobals) = postSolution
		SolutionGuid = {79914894-9BC6-4F57-8D21-D1C072C2E2FB}
	EndGlobalSection
EndGlobal
